{
  "version": 4,
  "terraform_version": "1.7.5",
  "serial": 6,
  "lineage": "240eacdc-95bc-eef6-093f-afe796ef948e",
  "outputs": {},
  "resources": [
    {
      "mode": "managed",
      "type": "google_artifact_registry_repository",
      "name": "my-repo",
      "provider": "provider[\"registry.terraform.io/hashicorp/google\"]",
      "instances": [
        {
          "schema_version": 0,
          "attributes": {
            "create_time": "2024-05-06T09:08:00.514580Z",
            "description": "docker repository",
            "docker_config": [],
            "format": "DOCKER",
            "id": "projects/ictgcp001/locations/asia-northeast3/repositories/my-repo",
            "kms_key_name": "",
            "labels": null,
            "location": "asia-northeast3",
            "maven_config": [],
            "mode": "STANDARD_REPOSITORY",
            "name": "my-repo",
            "project": "ictgcp001",
            "remote_repository_config": [],
            "repository_id": "my-repo",
            "timeouts": null,
            "update_time": "2024-05-06T09:08:00.514580Z",
            "virtual_repository_config": []
          },
          "sensitive_attributes": [],
          "private": "eyJlMmJmYjczMC1lY2FhLTExZTYtOGY4OC0zNDM2M2JjN2M0YzAiOnsiY3JlYXRlIjoxMjAwMDAwMDAwMDAwLCJkZWxldGUiOjEyMDAwMDAwMDAwMDAsInVwZGF0ZSI6MTIwMDAwMDAwMDAwMH19"
        }
      ]
    },
    {
      "mode": "managed",
      "type": "google_container_cluster",
      "name": "primary",
      "provider": "provider[\"registry.terraform.io/hashicorp/google\"]",
      "instances": [
        {
          "schema_version": 1,
          "attributes": {
            "addons_config": [
              {
                "cloudrun_config": [],
                "config_connector_config": [],
                "dns_cache_config": [],
                "gce_persistent_disk_csi_driver_config": [
                  {
                    "enabled": true
                  }
                ],
                "gcp_filestore_csi_driver_config": [],
                "gke_backup_agent_config": [],
                "horizontal_pod_autoscaling": [],
                "http_load_balancing": [],
                "network_policy_config": [
                  {
                    "disabled": true
                  }
                ]
              }
            ],
            "authenticator_groups_config": [],
            "binary_authorization": [
              {
                "enabled": false,
                "evaluation_mode": ""
              }
            ],
            "cluster_autoscaling": [
              {
                "auto_provisioning_defaults": [],
                "enabled": false,
                "resource_limits": []
              }
            ],
            "cluster_ipv4_cidr": "10.12.0.0/14",
            "confidential_nodes": [],
            "cost_management_config": [],
            "database_encryption": [
              {
                "key_name": "",
                "state": "DECRYPTED"
              }
            ],
            "datapath_provider": "",
            "default_max_pods_per_node": null,
            "default_snat_status": [
              {
                "disabled": false
              }
            ],
            "description": "",
            "dns_config": [],
            "enable_autopilot": false,
            "enable_binary_authorization": false,
            "enable_intranode_visibility": false,
            "enable_kubernetes_alpha": false,
            "enable_l4_ilb_subsetting": false,
            "enable_legacy_abac": false,
            "enable_shielded_nodes": true,
            "enable_tpu": false,
            "endpoint": "34.47.71.150",
            "gateway_api_config": [],
            "id": "projects/ictgcp001/locations/asia-northeast3/clusters/gke-cluster-1",
            "initial_node_count": 1,
            "ip_allocation_policy": [],
            "label_fingerprint": "a9dc16a7",
            "location": "asia-northeast3",
            "logging_config": [
              {
                "enable_components": [
                  "SYSTEM_COMPONENTS",
                  "WORKLOADS"
                ]
              }
            ],
            "logging_service": "logging.googleapis.com/kubernetes",
            "maintenance_policy": [],
            "master_auth": [
              {
                "client_certificate": "",
                "client_certificate_config": [
                  {
                    "issue_client_certificate": false
                  }
                ],
                "client_key": "",
                "cluster_ca_certificate": "LS0tLS1CRUdJTiBDRVJUSUZJQ0FURS0tLS0tCk1JSUVMRENDQXBTZ0F3SUJBZ0lRZUhKRC9mRHhyL3ZPWVYvb3JCWkVoVEFOQmdrcWhraUc5dzBCQVFzRkFEQXYKTVMwd0t3WURWUVFERXlRM1pHRmtZemd3TXkwME1ERTNMVFJtT0dVdFlURXlPUzFsWTJKaFpEZzVZVEU0TlRrdwpJQmNOTWpRd05UQTJNRGMxTVRBNVdoZ1BNakExTkRBME1qa3dPRFV4TURsYU1DOHhMVEFyQmdOVkJBTVRKRGRrCllXUmpPREF6TFRRd01UY3ROR1k0WlMxaE1USTVMV1ZqWW1Ga09EbGhNVGcxT1RDQ0FhSXdEUVlKS29aSWh2Y04KQVFFQkJRQURnZ0dQQURDQ0FZb0NnZ0dCQUxQN1BUcGtmcWVWM1VsS09iVGlhU2JvYkp3WUFucW5jQnhmSXNiTwpPa3BGWkFWaG82ZGNWRnJqSnFZTVpWWkVJcWF6ajNHc1ZobGF4YnBtRzZRS2ppRjV3cG5aWVZ3Z3RWdTJsVWI5CjFiQk90Nko5YXFEczNyOW5IWC83YTJydFRSQ3E3dFliZlJ5NFRpZmNqaU5Ca1Y1Tlo5UzFrQXNvQktXK0wvYk8KN05waTVlR0Y2U2pqT2kwbGh5Y25jVXZTdWpOL3pQWFhiWW5xVnJkbjBsNlRPbkczTm1VSkdsWGZEVVZpcHJpVQpiYjFFVWNLV0xaemVmR2QweklhdEV3aVp4UU1RUWJyZW1KcW9jUnlzcEY3MFExdUpmODhmajdJVjJHTkxBY2EzCjhvTW82MUtOZFVwRUpDcm5MQXpaSWdxam05dWJqRk1TUmRDZllxL3ViYzhUQjhIZDUxcWZJTkt1UmZKVzhEZFoKYmYrTUJNKzBpY0NsRVRwMTNzSytiaEVkOUl2L1V4N1lWbHl5dlIzendadVlXQUtZVXFvanlvdS96RnRwUnpweQplVUVlcjlDMDZReGVPNUIrK1hDZ05zeC9tL2FWRkxJSU9IeThRbWx0ZFFwL2c4Z2RCVU43Q0NaV25udHJFVlNCClZhc1kwMVBQTFB2aW9VL0d4eVZsR3Jxa3F3SURBUUFCbzBJd1FEQU9CZ05WSFE4QkFmOEVCQU1DQWdRd0R3WUQKVlIwVEFRSC9CQVV3QXdFQi96QWRCZ05WSFE0RUZnUVVlbElVbjBLdStESzBCcFgyVVNDcDZQanA1ZVV3RFFZSgpLb1pJaHZjTkFRRUxCUUFEZ2dHQkFBNVdpSU52OUp0UzMxbnhYbllvYzZXVmZIMTFkSXdGUXg4RmJrbW55N2lNCjYrQ0dFQVBtc0lFd0dqOHo0RjQ1aDJJc0phYmtjMzR4SWU5aUhKQnZUd0d0Z2NjbFhHSDBCZDFhUXBiYlBTQk0Kd2VrVDNkTStLYjVGVlBiY2ZEeEcxbDhGTnQ2dmEycmNEcGhzckhCbmlNd0RxbldnMkdBblRFTkRndFBXdFI0WApOanRGYnZLajJOTlEycmZRVURMdmdOMEwyZW0zcDZieHpVcHZoTHQ0a3BKeE9Gc3dOa280ZGNZb0lxWUtJRDl5ClR1djhRQUtsN1N4bTlQT1NlaS9hVlFLNGxBWVJQeUZkUjBnZm9lZWliSTZmU3BzUURKZXR1b0k3MWxTSkpPZDMKcU8xd1ZsaTFycWlNZXFsZmFka0orQVJqemNlTXJ1aXN1ZGtrZjdMczE1VHZnUzJNMUhEdytlM0l1S0J3M0FYLwpwdCtkK0tiVjQxMUR0d3VtUC9ORHlSM050QlkvQVAyZW5SVHEvdytJOHVDL1NTUytzNFJ6d3N4VjNnckpBU0tOCnVQa1dCTmxyaHBISEd5VSsybFdLR1RlYXlZUi9aUndmeHpxQWRmcUxHVHZxOEYvRklPZ0hXYjhiQWF0YWVmZUkKc3dKUXgvSUU4ZC9mSUNxQVlBdUhXdz09Ci0tLS0tRU5EIENFUlRJRklDQVRFLS0tLS0K"
              }
            ],
            "master_authorized_networks_config": [],
            "master_version": "1.28.7-gke.1026000",
            "mesh_certificates": [],
            "min_master_version": null,
            "monitoring_config": [
              {
                "enable_components": [
                  "SYSTEM_COMPONENTS"
                ],
                "managed_prometheus": [
                  {
                    "enabled": true
                  }
                ]
              }
            ],
            "monitoring_service": "monitoring.googleapis.com/kubernetes",
            "name": "gke-cluster-1",
            "network": "projects/ictgcp001/global/networks/default",
            "network_policy": [
              {
                "enabled": false,
                "provider": "PROVIDER_UNSPECIFIED"
              }
            ],
            "networking_mode": "ROUTES",
            "node_config": [
              {
                "advanced_machine_features": [],
                "boot_disk_kms_key": "",
                "disk_size_gb": 100,
                "disk_type": "pd-balanced",
                "ephemeral_storage_local_ssd_config": [],
                "gcfs_config": [],
                "guest_accelerator": [],
                "gvnic": [],
                "image_type": "COS_CONTAINERD",
                "kubelet_config": [],
                "labels": {},
                "linux_node_config": [],
                "local_nvme_ssd_block_config": [],
                "local_ssd_count": 0,
                "logging_variant": "DEFAULT",
                "machine_type": "e2-medium",
                "metadata": {
                  "disable-legacy-endpoints": "true"
                },
                "min_cpu_platform": "",
                "node_group": "",
                "oauth_scopes": [
                  "https://www.googleapis.com/auth/cloud-platform"
                ],
                "preemptible": true,
                "reservation_affinity": [],
                "resource_labels": {},
                "service_account": "default",
                "shielded_instance_config": [
                  {
                    "enable_integrity_monitoring": true,
                    "enable_secure_boot": false
                  }
                ],
                "sole_tenant_config": [],
                "spot": false,
                "tags": [],
                "taint": [],
                "workload_metadata_config": []
              }
            ],
            "node_locations": [
              "asia-northeast3-a",
              "asia-northeast3-b",
              "asia-northeast3-c"
            ],
            "node_pool": [
              {
                "autoscaling": [],
                "initial_node_count": 1,
                "instance_group_urls": [
                  "https://www.googleapis.com/compute/v1/projects/ictgcp001/zones/asia-northeast3-c/instanceGroupManagers/gke-gke-cluster-1-my-node-pool-7e8c52e5-grp",
                  "https://www.googleapis.com/compute/v1/projects/ictgcp001/zones/asia-northeast3-a/instanceGroupManagers/gke-gke-cluster-1-my-node-pool-a7b19858-grp",
                  "https://www.googleapis.com/compute/v1/projects/ictgcp001/zones/asia-northeast3-b/instanceGroupManagers/gke-gke-cluster-1-my-node-pool-0f23acf9-grp"
                ],
                "managed_instance_group_urls": [
                  "https://www.googleapis.com/compute/v1/projects/ictgcp001/zones/asia-northeast3-c/instanceGroups/gke-gke-cluster-1-my-node-pool-7e8c52e5-grp",
                  "https://www.googleapis.com/compute/v1/projects/ictgcp001/zones/asia-northeast3-a/instanceGroups/gke-gke-cluster-1-my-node-pool-a7b19858-grp",
                  "https://www.googleapis.com/compute/v1/projects/ictgcp001/zones/asia-northeast3-b/instanceGroups/gke-gke-cluster-1-my-node-pool-0f23acf9-grp"
                ],
                "management": [
                  {
                    "auto_repair": true,
                    "auto_upgrade": true
                  }
                ],
                "max_pods_per_node": 0,
                "name": "my-node-pool",
                "name_prefix": "",
                "network_config": [
                  {
                    "create_pod_range": false,
                    "enable_private_nodes": false,
                    "pod_cidr_overprovision_config": [],
                    "pod_ipv4_cidr_block": "",
                    "pod_range": ""
                  }
                ],
                "node_config": [
                  {
                    "advanced_machine_features": [],
                    "boot_disk_kms_key": "",
                    "disk_size_gb": 100,
                    "disk_type": "pd-balanced",
                    "ephemeral_storage_local_ssd_config": [],
                    "gcfs_config": [],
                    "guest_accelerator": [],
                    "gvnic": [],
                    "image_type": "COS_CONTAINERD",
                    "kubelet_config": [],
                    "labels": {},
                    "linux_node_config": [],
                    "local_nvme_ssd_block_config": [],
                    "local_ssd_count": 0,
                    "logging_variant": "DEFAULT",
                    "machine_type": "e2-medium",
                    "metadata": {
                      "disable-legacy-endpoints": "true"
                    },
                    "min_cpu_platform": "",
                    "node_group": "",
                    "oauth_scopes": [
                      "https://www.googleapis.com/auth/cloud-platform"
                    ],
                    "preemptible": true,
                    "reservation_affinity": [],
                    "resource_labels": {},
                    "service_account": "default",
                    "shielded_instance_config": [
                      {
                        "enable_integrity_monitoring": true,
                        "enable_secure_boot": false
                      }
                    ],
                    "sole_tenant_config": [],
                    "spot": false,
                    "tags": [],
                    "taint": [],
                    "workload_metadata_config": []
                  }
                ],
                "node_count": 1,
                "node_locations": [
                  "asia-northeast3-a",
                  "asia-northeast3-b",
                  "asia-northeast3-c"
                ],
                "placement_policy": [],
                "upgrade_settings": [
                  {
                    "blue_green_settings": [],
                    "max_surge": 1,
                    "max_unavailable": 0,
                    "strategy": "SURGE"
                  }
                ],
                "version": "1.28.7-gke.1026000"
              }
            ],
            "node_pool_defaults": [
              {
                "node_config_defaults": [
                  {
                    "logging_variant": "DEFAULT"
                  }
                ]
              }
            ],
            "node_version": "1.28.7-gke.1026000",
            "notification_config": [
              {
                "pubsub": [
                  {
                    "enabled": false,
                    "filter": [],
                    "topic": ""
                  }
                ]
              }
            ],
            "operation": null,
            "private_cluster_config": [
              {
                "enable_private_endpoint": false,
                "enable_private_nodes": false,
                "master_global_access_config": [
                  {
                    "enabled": false
                  }
                ],
                "master_ipv4_cidr_block": "",
                "peering_name": "",
                "private_endpoint": "10.178.0.13",
                "private_endpoint_subnetwork": "",
                "public_endpoint": "34.47.71.150"
              }
            ],
            "private_ipv6_google_access": "",
            "project": "ictgcp001",
            "release_channel": [
              {
                "channel": "REGULAR"
              }
            ],
            "remove_default_node_pool": true,
            "resource_labels": {},
            "resource_usage_export_config": [],
            "security_posture_config": [
              {
                "mode": "BASIC",
                "vulnerability_mode": "VULNERABILITY_MODE_UNSPECIFIED"
              }
            ],
            "self_link": "https://container.googleapis.com/v1/projects/ictgcp001/locations/asia-northeast3/clusters/gke-cluster-1",
            "service_external_ips_config": [
              {
                "enabled": false
              }
            ],
            "services_ipv4_cidr": "10.15.240.0/20",
            "subnetwork": "projects/ictgcp001/regions/asia-northeast3/subnetworks/default",
            "timeouts": null,
            "tpu_ipv4_cidr_block": "",
            "vertical_pod_autoscaling": [],
            "workload_identity_config": []
          },
          "sensitive_attributes": [],
          "private": "eyJlMmJmYjczMC1lY2FhLTExZTYtOGY4OC0zNDM2M2JjN2M0YzAiOnsiY3JlYXRlIjoyNDAwMDAwMDAwMDAwLCJkZWxldGUiOjI0MDAwMDAwMDAwMDAsInJlYWQiOjI0MDAwMDAwMDAwMDAsInVwZGF0ZSI6MzYwMDAwMDAwMDAwMH0sInNjaGVtYV92ZXJzaW9uIjoiMSJ9"
        }
      ]
    },
    {
      "mode": "managed",
      "type": "google_container_node_pool",
      "name": "primary_preemptible_nodes",
      "provider": "provider[\"registry.terraform.io/hashicorp/google\"]",
      "instances": [
        {
          "schema_version": 1,
          "attributes": {
            "autoscaling": [],
            "cluster": "projects/ictgcp001/locations/asia-northeast3/clusters/gke-cluster-1",
            "id": "projects/ictgcp001/locations/asia-northeast3/clusters/gke-cluster-1/nodePools/my-node-pool",
            "initial_node_count": 1,
            "instance_group_urls": [
              "https://www.googleapis.com/compute/v1/projects/ictgcp001/zones/asia-northeast3-c/instanceGroupManagers/gke-gke-cluster-1-my-node-pool-7e8c52e5-grp",
              "https://www.googleapis.com/compute/v1/projects/ictgcp001/zones/asia-northeast3-a/instanceGroupManagers/gke-gke-cluster-1-my-node-pool-a7b19858-grp",
              "https://www.googleapis.com/compute/v1/projects/ictgcp001/zones/asia-northeast3-b/instanceGroupManagers/gke-gke-cluster-1-my-node-pool-0f23acf9-grp"
            ],
            "location": "asia-northeast3",
            "managed_instance_group_urls": [
              "https://www.googleapis.com/compute/v1/projects/ictgcp001/zones/asia-northeast3-c/instanceGroups/gke-gke-cluster-1-my-node-pool-7e8c52e5-grp",
              "https://www.googleapis.com/compute/v1/projects/ictgcp001/zones/asia-northeast3-a/instanceGroups/gke-gke-cluster-1-my-node-pool-a7b19858-grp",
              "https://www.googleapis.com/compute/v1/projects/ictgcp001/zones/asia-northeast3-b/instanceGroups/gke-gke-cluster-1-my-node-pool-0f23acf9-grp"
            ],
            "management": [
              {
                "auto_repair": true,
                "auto_upgrade": true
              }
            ],
            "max_pods_per_node": null,
            "name": "my-node-pool",
            "name_prefix": "",
            "network_config": [
              {
                "create_pod_range": false,
                "enable_private_nodes": false,
                "pod_cidr_overprovision_config": [],
                "pod_ipv4_cidr_block": "",
                "pod_range": ""
              }
            ],
            "node_config": [
              {
                "advanced_machine_features": [],
                "boot_disk_kms_key": "",
                "disk_size_gb": 100,
                "disk_type": "pd-balanced",
                "ephemeral_storage_local_ssd_config": [],
                "gcfs_config": [],
                "guest_accelerator": [],
                "gvnic": [],
                "image_type": "COS_CONTAINERD",
                "kubelet_config": [],
                "labels": {},
                "linux_node_config": [],
                "local_nvme_ssd_block_config": [],
                "local_ssd_count": 0,
                "logging_variant": "DEFAULT",
                "machine_type": "e2-medium",
                "metadata": {
                  "disable-legacy-endpoints": "true"
                },
                "min_cpu_platform": "",
                "node_group": "",
                "oauth_scopes": [
                  "https://www.googleapis.com/auth/cloud-platform"
                ],
                "preemptible": true,
                "reservation_affinity": [],
                "resource_labels": {},
                "service_account": "default",
                "shielded_instance_config": [
                  {
                    "enable_integrity_monitoring": true,
                    "enable_secure_boot": false
                  }
                ],
                "sole_tenant_config": [],
                "spot": false,
                "tags": [],
                "taint": [],
                "workload_metadata_config": []
              }
            ],
            "node_count": 1,
            "node_locations": [
              "asia-northeast3-a",
              "asia-northeast3-b",
              "asia-northeast3-c"
            ],
            "operation": null,
            "placement_policy": [],
            "project": "ictgcp001",
            "timeouts": null,
            "upgrade_settings": [
              {
                "blue_green_settings": [],
                "max_surge": 1,
                "max_unavailable": 0,
                "strategy": "SURGE"
              }
            ],
            "version": "1.28.7-gke.1026000"
          },
          "sensitive_attributes": [],
          "private": "eyJlMmJmYjczMC1lY2FhLTExZTYtOGY4OC0zNDM2M2JjN2M0YzAiOnsiY3JlYXRlIjoxODAwMDAwMDAwMDAwLCJkZWxldGUiOjE4MDAwMDAwMDAwMDAsInVwZGF0ZSI6MTgwMDAwMDAwMDAwMH0sInNjaGVtYV92ZXJzaW9uIjoiMSJ9",
          "dependencies": [
            "google_container_cluster.primary"
          ]
        }
      ]
    }
  ],
  "check_results": null
}
